// !$*UTF8*$!
{
	archiveVersion = 1;
	classes = {
	};
	objectVersion = 110;
	objects = {

/* Begin PBXContainerItemProxy section */
		B7F8AE622FFE9B1C00BCB769 /* PBXContainerItemProxy */ = {
			isa = PBXContainerItemProxy;
			containerPortal = B7F8AE4A2FFE9B1B00BCB769 /* Project object */;
			proxyType = 1;
			remoteGlobalIDString = B7F8AE512FFE9B1B00BCB769;
			remoteInfo = Selenite;
		};
		B7F8AE6C2FFE9B1C00BCB769 /* PBXContainerItemProxy */ = {
			isa = PBXContainerItemProxy;
			containerPortal = B7F8AE4A2FFE9B1B00BCB769 /* Project object */;
			proxyType = 1;
			remoteGlobalIDString = B7F8AE512FFE9B1B00BCB769;
			remoteInfo = Selenite;
		};
/* End PBXContainerItemProxy section */

/* Begin PBXFileReference section */
		B7F8AE522FFE9B1B00BCB769 /* Selenite.app */ = {isa = PBXFileReference; explicitFileType = wrapper.application; includeInIndex = 0; path = Selenite.app; sourceTree = BUILT_PRODUCTS_DIR; };
		B7F8AE612FFE9B1C00BCB769 /* SeleniteTests.xctest */ = {isa = PBXFileReference; explicitFileType = wrapper.cfbundle; includeInIndex = 0; path = SeleniteTests.xctest; sourceTree = BUILT_PRODUCTS_DIR; };
		B7F8AE6B2FFE9B1C00BCB769 /* SeleniteUITests.xctest */ = {isa = PBXFileReference; explicitFileType = wrapper.cfbundle; includeInIndex = 0; path = SeleniteUITests.xctest; sourceTree = BUILT_PRODUCTS_DIR; };
/* End PBXFileReference section */

/* Begin PBXFileSystemSynchronizedRootGroup section */
		B7F8AE542FFE9B1B00BCB769 /* Selenite */ = {
			isa = PBXFileSystemSynchronizedRootGroup;
			path = Selenite;
			sourceTree = "<group>";
		};
		B7F8AE642FFE9B1C00BCB769 /* SeleniteTests */ = {
			isa = PBXFileSystemSynchronizedRootGroup;
			path = SeleniteTests;
			sourceTree = "<group>";
		};
		B7F8AE6E2FFE9B1C00BCB769 /* SeleniteUITests */ = {
			isa = PBXFileSystemSynchronizedRootGroup;
			path = SeleniteUITests;
			sourceTree = "<group>";
		};
/* End PBXFileSystemSynchronizedRootGroup section */

/* Begin PBXFrameworksBuildPhase section */
		B7F8AE4F2FFE9B1B00BCB769 /* Frameworks */ = {
			isa = PBXFrameworksBuildPhase;
			files = (
			);
		};
		B7F8AE5E2FFE9B1C00BCB769 /* Frameworks */ = {
			isa = PBXFrameworksBuildPhase;
			files = (
			);
		};
		B7F8AE682FFE9B1C00BCB769 /* Frameworks */ = {
			isa = PBXFrameworksBuildPhase;
			files = (
			);
		};
/* End PBXFrameworksBuildPhase section */

/* Begin PBXGroup section */
		B7F8AE492FFE9B1B00BCB769 = {
			isa = PBXGroup;
			children = (
				B7F8AE542FFE9B1B00BCB769 /* Selenite */,
				B7F8AE642FFE9B1C00BCB769 /* SeleniteTests */,
				B7F8AE6E2FFE9B1C00BCB769 /* SeleniteUITests */,
				B7F8AE532FFE9B1B00BCB769 /* Products */,
			);
			sourceTree = "<group>";
		};
		B7F8AE532FFE9B1B00BCB769 /* Products */ = {
			isa = PBXGroup;
			children = (
				B7F8AE522FFE9B1B00BCB769 /* Selenite.app */,
				B7F8AE612FFE9B1C00BCB769 /* SeleniteTests.xctest */,
				B7F8AE6B2FFE9B1C00BCB769 /* SeleniteUITests.xctest */,
			);
			name = Products;
			sourceTree = "<group>";
		};
/* End PBXGroup section */

/* Begin PBXNativeTarget section */
		B7F8AE512FFE9B1B00BCB769 /* Selenite */ = {
			isa = PBXNativeTarget;
			buildConfigurationList = B7F8AE732FFE9B1C00BCB769 /* Build configuration list for PBXNativeTarget "Selenite" */;
			buildPhases = (
				B7F8AE4E2FFE9B1B00BCB769 /* Sources */,
				B7F8AE4F2FFE9B1B00BCB769 /* Frameworks */,
				B7F8AE502FFE9B1B00BCB769 /* Resources */,
			);
			buildRules = (
			);
			fileSystemSynchronizedGroups = (
				B7F8AE542FFE9B1B00BCB769 /* Selenite */,
			);
			name = Selenite;
			productName = Selenite;
			productReference = B7F8AE522FFE9B1B00BCB769 /* Selenite.app */;
			productType = "com.apple.product-type.application";
		};
		B7F8AE602FFE9B1C00BCB769 /* SeleniteTests */ = {
			isa = PBXNativeTarget;
			buildConfigurationList = B7F8AE762FFE9B1C00BCB769 /* Build configuration list for PBXNativeTarget "SeleniteTests" */;
			buildPhases = (
				B7F8AE5D2FFE9B1C00BCB769 /* Sources */,
				B7F8AE5E2FFE9B1C00BCB769 /* Frameworks */,
				B7F8AE5F2FFE9B1C00BCB769 /* Resources */,
			);
			buildRules = (
			);
			dependencies = (
				B7F8AE632FFE9B1C00BCB769 /* PBXTargetDependency */,
			);
			fileSystemSynchronizedGroups = (
				B7F8AE642FFE9B1C00BCB769 /* SeleniteTests */,
			);
			name = SeleniteTests;
			productName = SeleniteTests;
			productReference = B7F8AE612FFE9B1C00BCB769 /* SeleniteTests.xctest */;
			productType = "com.apple.product-type.bundle.unit-test";
		};
		B7F8AE6A2FFE9B1C00BCB769 /* SeleniteUITests */ = {
			isa = PBXNativeTarget;
			buildConfigurationList = B7F8AE792FFE9B1C00BCB769 /* Build configuration list for PBXNativeTarget "SeleniteUITests" */;
			buildPhases = (
				B7F8AE672FFE9B1C00BCB769 /* Sources */,
				B7F8AE682FFE9B1C00BCB769 /* Frameworks */,
				B7F8AE692FFE9B1C00BCB769 /* Resources */,
			);
			buildRules = (
			);
			dependencies = (
				B7F8AE6D2FFE9B1C00BCB769 /* PBXTargetDependency */,
			);
			fileSystemSynchronizedGroups = (
				B7F8AE6E2FFE9B1C00BCB769 /* SeleniteUITests */,
			);
			name = SeleniteUITests;
			productName = SeleniteUITests;
			productReference = B7F8AE6B2FFE9B1C00BCB769 /* SeleniteUITests.xctest */;
			productType = "com.apple.product-type.bundle.ui-testing";
		};
/* End PBXNativeTarget section */

/* Begin PBXProject section */
		B7F8AE4A2FFE9B1B00BCB769 /* Project object */ = {
			isa = PBXProject;
			attributes = {
				BuildIndependentTargetsInParallel = 1;
				LastSwiftUpdateCheck = 2700;
				LastUpgradeCheck = 2700;
				TargetAttributes = {
					B7F8AE512FFE9B1B00BCB769 = {
						CreatedOnToolsVersion = 27.0;
					};
					B7F8AE602FFE9B1C00BCB769 = {
						CreatedOnToolsVersion = 27.0;
						TestTargetID = B7F8AE512FFE9B1B00BCB769;
					};
					B7F8AE6A2FFE9B1C00BCB769 = {
						CreatedOnToolsVersion = 27.0;
						TestTargetID = B7F8AE512FFE9B1B00BCB769;
					};
				};
			};
			buildConfigurationList = B7F8AE4D2FFE9B1B00BCB769 /* Build configuration list for PBXProject "Selenite" */;
			developmentRegion = en;
			hasScannedForEncodings = 0;
			knownRegions = (
				en,
				Base,
			);
			mainGroup = B7F8AE492FFE9B1B00BCB769;
			minimizedProjectReferenceProxies = 1;
			preferredProjectObjectVersion = 77;
			productRefGroup = B7F8AE532FFE9B1B00BCB769 /* Products */;
			projectDirPath = "";
			projectRoot = "";
			targets = (
				B7F8AE512FFE9B1B00BCB769 /* Selenite */,
				B7F8AE602FFE9B1C00BCB769 /* SeleniteTests */,
				B7F8AE6A2FFE9B1C00BCB769 /* SeleniteUITests */,
			);
		};
/* End PBXProject section */

/* Begin PBXResourcesBuildPhase section */
		B7F8AE502FFE9B1B00BCB769 /* Resources */ = {
			isa = PBXResourcesBuildPhase;
			files = (
			);
		};
		B7F8AE5F2FFE9B1C00BCB769 /* Resources */ = {
			isa = PBXResourcesBuildPhase;
			files = (
			);
		};
		B7F8AE692FFE9B1C00BCB769 /* Resources */ = {
			isa = PBXResourcesBuildPhase;
			files = (
			);
		};
/* End PBXResourcesBuildPhase section */

/* Begin PBXSourcesBuildPhase section */
		B7F8AE4E2FFE9B1B00BCB769 /* Sources */ = {
			isa = PBXSourcesBuildPhase;
			files = (
			);
		};
		B7F8AE5D2FFE9B1C00BCB769 /* Sources */ = {
			isa = PBXSourcesBuildPhase;
			files = (
			);
		};
		B7F8AE672FFE9B1C00BCB769 /* Sources */ = {
			isa = PBXSourcesBuildPhase;
			files = (
			);
		};
/* End PBXSourcesBuildPhase section */

/* Begin PBXTargetDependency section */
		B7F8AE632FFE9B1C00BCB769 /* PBXTargetDependency */ = {
			isa = PBXTargetDependency;
			target = B7F8AE512FFE9B1B00BCB769 /* Selenite */;
			targetProxy = B7F8AE622FFE9B1C00BCB769 /* PBXContainerItemProxy */;
		};
		B7F8AE6D2FFE9B1C00BCB769 /* PBXTargetDependency */ = {
			isa = PBXTargetDependency;
			target = B7F8AE512FFE9B1B00BCB769 /* Selenite */;
			targetProxy = B7F8AE6C2FFE9B1C00BCB769 /* PBXContainerItemProxy */;
		};
/* End PBXTargetDependency section */

/* Begin XCBuildConfiguration section */
		B7F8AE712FFE9B1C00BCB769 /* Debug configuration for PBXProject "Selenite" */ = {
			isa = XCBuildConfiguration;
			buildSettings = {
				ALWAYS_SEARCH_USER_PATHS = NO;
				ASSETCATALOG_COMPILER_GENERATE_SWIFT_ASSET_SYMBOL_EXTENSIONS = YES;
				CLANG_ANALYZER_NONNULL = YES;
				CLANG_ANALYZER_NUMBER_OBJECT_CONVERSION = YES_AGGRESSIVE;
				CLANG_CXX_LANGUAGE_STANDARD = "gnu++20";
				CLANG_ENABLE_MODULES = YES;
				CLANG_ENABLE_OBJC_ARC = YES;
				CLANG_ENABLE_OBJC_WEAK = YES;
				CLANG_WARN_BLOCK_CAPTURE_AUTORELEASING = YES;
				CLANG_WARN_BOOL_CONVERSION = YES;
				CLANG_WARN_COMMA = YES;
				CLANG_WARN_CONSTANT_CONVERSION = YES;
				CLANG_WARN_DEPRECATED_OBJC_IMPLEMENTATIONS = YES;
				CLANG_WARN_DIRECT_OBJC_ISA_USAGE = YES_ERROR;
				CLANG_WARN_DOCUMENTATION_COMMENTS = YES;
				CLANG_WARN_EMPTY_BODY = YES;
				CLANG_WARN_ENUM_CONVERSION = YES;
				CLANG_WARN_INFINITE_RECURSION = YES;
				CLANG_WARN_INT_CONVERSION = YES;
				CLANG_WARN_NON_LITERAL_NULL_CONVERSION = YES;
				CLANG_WARN_OBJC_IMPLICIT_RETAIN_SELF = YES;
				CLANG_WARN_OBJC_LITERAL_CONVERSION = YES;
				CLANG_WARN_OBJC_ROOT_CLASS = YES_ERROR;
				CLANG_WARN_QUOTED_INCLUDE_IN_FRAMEWORK_HEADER = YES;
				CLANG_WARN_RANGE_LOOP_ANALYSIS = YES;
				CLANG_WARN_STRICT_PROTOTYPES = YES;
				CLANG_WARN_SUSPICIOUS_MOVE = YES;
				CLANG_WARN_UNGUARDED_AVAILABILITY = YES_AGGRESSIVE;
				CLANG_WARN_UNREACHABLE_CODE = YES;
				CLANG_WARN__DUPLICATE_METHOD_MATCH = YES;
				COPY_PHASE_STRIP = NO;
				DEBUG_INFORMATION_FORMAT = dwarf;
				DEVELOPMENT_TEAM = HYBW48Y72N;
				ENABLE_STRICT_OBJC_MSGSEND = YES;
				ENABLE_TESTABILITY = YES;
				ENABLE_USER_SCRIPT_SANDBOXING = YES;
				GCC_C_LANGUAGE_STANDARD = gnu17;
				GCC_DYNAMIC_NO_PIC = NO;
				GCC_NO_COMMON_BLOCKS = YES;
				GCC_OPTIMIZATION_LEVEL = 0;
				GCC_PREPROCESSOR_DEFINITIONS = (
					"DEBUG=1",
					"$(inherited)",
				);
				GCC_WARN_64_TO_32_BIT_CONVERSION = YES;
				GCC_WARN_ABOUT_RETURN_TYPE = YES_ERROR;
				GCC_WARN_UNDECLARED_SELECTOR = YES;
				GCC_WARN_UNINITIALIZED_AUTOS = YES_AGGRESSIVE;
				GCC_WARN_UNUSED_FUNCTION = YES;
				GCC_WARN_UNUSED_VARIABLE = YES;
				IPHONEOS_DEPLOYMENT_TARGET = 18.0;
				LOCALIZATION_PREFERS_STRING_CATALOGS = YES;
				MTL_ENABLE_DEBUG_INFO = INCLUDE_SOURCE;
				MTL_FAST_MATH = YES;
				ONLY_ACTIVE_ARCH = YES;
				SDKROOT = iphoneos;
				SWIFT_ACTIVE_COMPILATION_CONDITIONS = "DEBUG $(inherited)";
				SWIFT_OPTIMIZATION_LEVEL = "-Onone";
			};
			name = Debug;
		};
		B7F8AE722FFE9B1C00BCB769 /* Release configuration for PBXProject "Selenite" */ = {
			isa = XCBuildConfiguration;
			buildSettings = {
				ALWAYS_SEARCH_USER_PATHS = NO;
				ASSETCATALOG_COMPILER_GENERATE_SWIFT_ASSET_SYMBOL_EXTENSIONS = YES;
				CLANG_ANALYZER_NONNULL = YES;
				CLANG_ANALYZER_NUMBER_OBJECT_CONVERSION = YES_AGGRESSIVE;
				CLANG_CXX_LANGUAGE_STANDARD = "gnu++20";
				CLANG_ENABLE_MODULES = YES;
				CLANG_ENABLE_OBJC_ARC = YES;
				CLANG_ENABLE_OBJC_WEAK = YES;
				CLANG_WARN_BLOCK_CAPTURE_AUTORELEASING = YES;
				CLANG_WARN_BOOL_CONVERSION = YES;
				CLANG_WARN_COMMA = YES;
				CLANG_WARN_CONSTANT_CONVERSION = YES;
				CLANG_WARN_DEPRECATED_OBJC_IMPLEMENTATIONS = YES;
				CLANG_WARN_DIRECT_OBJC_ISA_USAGE = YES_ERROR;
				CLANG_WARN_DOCUMENTATION_COMMENTS = YES;
				CLANG_WARN_EMPTY_BODY = YES;
				CLANG_WARN_ENUM_CONVERSION = YES;
				CLANG_WARN_INFINITE_RECURSION = YES;
				CLANG_WARN_INT_CONVERSION = YES;
				CLANG_WARN_NON_LITERAL_NULL_CONVERSION = YES;
				CLANG_WARN_OBJC_IMPLICIT_RETAIN_SELF = YES;
				CLANG_WARN_OBJC_LITERAL_CONVERSION = YES;
				CLANG_WARN_OBJC_ROOT_CLASS = YES_ERROR;
				CLANG_WARN_QUOTED_INCLUDE_IN_FRAMEWORK_HEADER = YES;
				CLANG_WARN_RANGE_LOOP_ANALYSIS = YES;
				CLANG_WARN_STRICT_PROTOTYPES = YES;
				CLANG_WARN_SUSPICIOUS_MOVE = YES;
				CLANG_WARN_UNGUARDED_AVAILABILITY = YES_AGGRESSIVE;
				CLANG_WARN_UNREACHABLE_CODE = YES;
				CLANG_WARN__DUPLICATE_METHOD_MATCH = YES;
				COPY_PHASE_STRIP = NO;
				DEBUG_INFORMATION_FORMAT = "dwarf-with-dsym";
				DEVELOPMENT_TEAM = HYBW48Y72N;
				ENABLE_NS_ASSERTIONS = NO;
				ENABLE_STRICT_OBJC_MSGSEND = YES;
				ENABLE_USER_SCRIPT_SANDBOXING = YES;
				GCC_C_LANGUAGE_STANDARD = gnu17;
				GCC_NO_COMMON_BLOCKS = YES;
				GCC_WARN_64_TO_32_BIT_CONVERSION = YES;
				GCC_WARN_ABOUT_RETURN_TYPE = YES_ERROR;
				GCC_WARN_UNDECLARED_SELECTOR = YES;
				GCC_WARN_UNINITIALIZED_AUTOS = YES_AGGRESSIVE;
				GCC_WARN_UNUSED_FUNCTION = YES;
				GCC_WARN_UNUSED_VARIABLE = YES;
				IPHONEOS_DEPLOYMENT_TARGET = 18.0;
				LOCALIZATION_PREFERS_STRING_CATALOGS = YES;
				MTL_ENABLE_DEBUG_INFO = NO;
				MTL_FAST_MATH = YES;
				SDKROOT = iphoneos;
				SWIFT_COMPILATION_MODE = wholemodule;
				VALIDATE_PRODUCT = YES;
			};
			name = Release;
		};
		B7F8AE742FFE9B1C00BCB769 /* Debug configuration for PBXNativeTarget "Selenite" */ = {
			isa = XCBuildConfiguration;
			buildSettings = {
				ASSETCATALOG_COMPILER_APPICON_NAME = AppIcon;
				ASSETCATALOG_COMPILER_GLOBAL_ACCENT_COLOR_NAME = AccentColor;
				CODE_SIGN_STYLE = Automatic;
				CURRENT_PROJECT_VERSION = 1;
				DEVELOPMENT_TEAM = HYBW48Y72N;
				ENABLE_PREVIEWS = YES;
				GENERATE_INFOPLIST_FILE = YES;
				INFOPLIST_KEY_LSApplicationCategoryType = "public.app-category.productivity";
				INFOPLIST_KEY_UIApplicationSceneManifest_Generation = YES;
				INFOPLIST_KEY_UIApplicationSupportsIndirectInputEvents = YES;
				INFOPLIST_KEY_UILaunchScreen_Generation = YES;
				INFOPLIST_KEY_UISupportedInterfaceOrientations = UIInterfaceOrientationPortrait;
				INFOPLIST_KEY_UISupportedInterfaceOrientations_iPad = "UIInterfaceOrientationLandscapeLeft UIInterfaceOrientationLandscapeRight UIInterfaceOrientationPortrait UIInterfaceOrientationPortraitUpsideDown";
				IPHONEOS_DEPLOYMENT_TARGET = 18.0;
				LD_RUNPATH_SEARCH_PATHS = (
					"$(inherited)",
					"@executable_path/Frameworks",
				);
				MARKETING_VERSION = 1.0;
				PRODUCT_BUNDLE_IDENTIFIER = com.sye7qjm3ac.Selenite;
				PRODUCT_NAME = "$(TARGET_NAME)";
				STRING_CATALOG_GENERATE_SYMBOLS = YES;
				SWIFT_APPROACHABLE_CONCURRENCY = YES;
				SWIFT_DEFAULT_ACTOR_ISOLATION = MainActor;
				SWIFT_EMIT_LOC_STRINGS = YES;
				SWIFT_UPCOMING_FEATURE_MEMBER_IMPORT_VISIBILITY = YES;
				SWIFT_VERSION = 6.0;
				TARGETED_DEVICE_FAMILY = "1,2";
			};
			name = Debug;
		};
		B7F8AE752FFE9B1C00BCB769 /* Release configuration for PBXNativeTarget "Selenite" */ = {
			isa = XCBuildConfiguration;
			buildSettings = {
				ASSETCATALOG_COMPILER_APPICON_NAME = AppIcon;
				ASSETCATALOG_COMPILER_GLOBAL_ACCENT_COLOR_NAME = AccentColor;
				CODE_SIGN_STYLE = Automatic;
				CURRENT_PROJECT_VERSION = 1;
				DEVELOPMENT_TEAM = HYBW48Y72N;
				ENABLE_PREVIEWS = YES;
				GENERATE_INFOPLIST_FILE = YES;
				INFOPLIST_KEY_LSApplicationCategoryType = "public.app-category.productivity";
				INFOPLIST_KEY_UIApplicationSceneManifest_Generation = YES;
				INFOPLIST_KEY_UIApplicationSupportsIndirectInputEvents = YES;
				INFOPLIST_KEY_UILaunchScreen_Generation = YES;
				INFOPLIST_KEY_UISupportedInterfaceOrientations = UIInterfaceOrientationPortrait;
				INFOPLIST_KEY_UISupportedInterfaceOrientations_iPad = "UIInterfaceOrientationLandscapeLeft UIInterfaceOrientationLandscapeRight UIInterfaceOrientationPortrait UIInterfaceOrientationPortraitUpsideDown";
				IPHONEOS_DEPLOYMENT_TARGET = 18.0;
				LD_RUNPATH_SEARCH_PATHS = (
					"$(inherited)",
					"@executable_path/Frameworks",
				);
				MARKETING_VERSION = 1.0;
				PRODUCT_BUNDLE_IDENTIFIER = com.sye7qjm3ac.Selenite;
				PRODUCT_NAME = "$(TARGET_NAME)";
				STRING_CATALOG_GENERATE_SYMBOLS = YES;
				SWIFT_APPROACHABLE_CONCURRENCY = YES;
				SWIFT_DEFAULT_ACTOR_ISOLATION = MainActor;
				SWIFT_EMIT_LOC_STRINGS = YES;
				SWIFT_UPCOMING_FEATURE_MEMBER_IMPORT_VISIBILITY = YES;
				SWIFT_VERSION = 6.0;
				TARGETED_DEVICE_FAMILY = "1,2";
			};
			name = Release;
		};
		B7F8AE772FFE9B1C00BCB769 /* Debug configuration for PBXNativeTarget "SeleniteTests" */ = {
			isa = XCBuildConfiguration;
			buildSettings = {
				BUNDLE_LOADER = "$(TEST_HOST)";
				CODE_SIGN_STYLE = Automatic;
				CURRENT_PROJECT_VERSION = 1;
				DEVELOPMENT_TEAM = HYBW48Y72N;
				GENERATE_INFOPLIST_FILE = YES;
				IPHONEOS_DEPLOYMENT_TARGET = 18.0;
				MARKETING_VERSION = 1.0;
				PRODUCT_BUNDLE_IDENTIFIER = com.sye7qjm3ac.SeleniteTests;
				PRODUCT_NAME = "$(TARGET_NAME)";
				STRING_CATALOG_GENERATE_SYMBOLS = NO;
				SWIFT_APPROACHABLE_CONCURRENCY = YES;
				SWIFT_EMIT_LOC_STRINGS = NO;
				SWIFT_UPCOMING_FEATURE_MEMBER_IMPORT_VISIBILITY = YES;
				SWIFT_VERSION = 6.0;
				TARGETED_DEVICE_FAMILY = "1,2";
				TEST_HOST = "$(BUILT_PRODUCTS_DIR)/Selenite.app/$(BUNDLE_EXECUTABLE_FOLDER_PATH)/Selenite";
			};
			name = Debug;
		};
		B7F8AE782FFE9B1C00BCB769 /* Release configuration for PBXNativeTarget "SeleniteTests" */ = {
			isa = XCBuildConfiguration;
			buildSettings = {
				BUNDLE_LOADER = "$(TEST_HOST)";
				CODE_SIGN_STYLE = Automatic;
				CURRENT_PROJECT_VERSION = 1;
				DEVELOPMENT_TEAM = HYBW48Y72N;
				GENERATE_INFOPLIST_FILE = YES;
				IPHONEOS_DEPLOYMENT_TARGET = 18.0;
				MARKETING_VERSION = 1.0;
				PRODUCT_BUNDLE_IDENTIFIER = com.sye7qjm3ac.SeleniteTests;
				PRODUCT_NAME = "$(TARGET_NAME)";
				STRING_CATALOG_GENERATE_SYMBOLS = NO;
				SWIFT_APPROACHABLE_CONCURRENCY = YES;
				SWIFT_EMIT_LOC_STRINGS = NO;
				SWIFT_UPCOMING_FEATURE_MEMBER_IMPORT_VISIBILITY = YES;
				SWIFT_VERSION = 6.0;
				TARGETED_DEVICE_FAMILY = "1,2";
				TEST_HOST = "$(BUILT_PRODUCTS_DIR)/Selenite.app/$(BUNDLE_EXECUTABLE_FOLDER_PATH)/Selenite";
			};
			name = Release;
		};
		B7F8AE7A2FFE9B1C00BCB769 /* Debug configuration for PBXNativeTarget "SeleniteUITests" */ = {
			isa = XCBuildConfiguration;
			buildSettings = {
				CODE_SIGN_STYLE = Automatic;
				CURRENT_PROJECT_VERSION = 1;
				DEVELOPMENT_TEAM = HYBW48Y72N;
				GENERATE_INFOPLIST_FILE = YES;
				IPHONEOS_DEPLOYMENT_TARGET = 18.0;
				MARKETING_VERSION = 1.0;
				PRODUCT_BUNDLE_IDENTIFIER = com.sye7qjm3ac.SeleniteUITests;
				PRODUCT_NAME = "$(TARGET_NAME)";
				STRING_CATALOG_GENERATE_SYMBOLS = NO;
				SWIFT_APPROACHABLE_CONCURRENCY = YES;
				SWIFT_EMIT_LOC_STRINGS = NO;
				SWIFT_UPCOMING_FEATURE_MEMBER_IMPORT_VISIBILITY = YES;
				SWIFT_VERSION = 6.0;
				TARGETED_DEVICE_FAMILY = "1,2";
				TEST_TARGET_NAME = Selenite;
			};
			name = Debug;
		};
		B7F8AE7B2FFE9B1C00BCB769 /* Release configuration for PBXNativeTarget "SeleniteUITests" */ = {
			isa = XCBuildConfiguration;
			buildSettings = {
				CODE_SIGN_STYLE = Automatic;
				CURRENT_PROJECT_VERSION = 1;
				DEVELOPMENT_TEAM = HYBW48Y72N;
				GENERATE_INFOPLIST_FILE = YES;
				IPHONEOS_DEPLOYMENT_TARGET = 18.0;
				MARKETING_VERSION = 1.0;
				PRODUCT_BUNDLE_IDENTIFIER = com.sye7qjm3ac.SeleniteUITests;
				PRODUCT_NAME = "$(TARGET_NAME)";
				STRING_CATALOG_GENERATE_SYMBOLS = NO;
				SWIFT_APPROACHABLE_CONCURRENCY = YES;
				SWIFT_EMIT_LOC_STRINGS = NO;
				SWIFT_UPCOMING_FEATURE_MEMBER_IMPORT_VISIBILITY = YES;
				SWIFT_VERSION = 6.0;
				TARGETED_DEVICE_FAMILY = "1,2";
				TEST_TARGET_NAME = Selenite;
			};
			name = Release;
		};
/* End XCBuildConfiguration section */

/* Begin XCConfigurationList section */
		B7F8AE4D2FFE9B1B00BCB769 /* Build configuration list for PBXProject "Selenite" */ = {
			isa = XCConfigurationList;
			buildConfigurations = (
				B7F8AE712FFE9B1C00BCB769 /* Debug configuration for PBXProject "Selenite" */,
				B7F8AE722FFE9B1C00BCB769 /* Release configuration for PBXProject "Selenite" */,
			);
			defaultConfigurationName = Release;
		};
		B7F8AE732FFE9B1C00BCB769 /* Build configuration list for PBXNativeTarget "Selenite" */ = {
			isa = XCConfigurationList;
			buildConfigurations = (
				B7F8AE742FFE9B1C00BCB769 /* Debug configuration for PBXNativeTarget "Selenite" */,
				B7F8AE752FFE9B1C00BCB769 /* Release configuration for PBXNativeTarget "Selenite" */,
			);
			defaultConfigurationName = Release;
		};
		B7F8AE762FFE9B1C00BCB769 /* Build configuration list for PBXNativeTarget "SeleniteTests" */ = {
			isa = XCConfigurationList;
			buildConfigurations = (
				B7F8AE772FFE9B1C00BCB769 /* Debug configuration for PBXNativeTarget "SeleniteTests" */,
				B7F8AE782FFE9B1C00BCB769 /* Release configuration for PBXNativeTarget "SeleniteTests" */,
			);
			defaultConfigurationName = Release;
		};
		B7F8AE792FFE9B1C00BCB769 /* Build configuration list for PBXNativeTarget "SeleniteUITests" */ = {
			isa = XCConfigurationList;
			buildConfigurations = (
				B7F8AE7A2FFE9B1C00BCB769 /* Debug configuration for PBXNativeTarget "SeleniteUITests" */,
				B7F8AE7B2FFE9B1C00BCB769 /* Release configuration for PBXNativeTarget "SeleniteUITests" */,
			);
			defaultConfigurationName = Release;
		};
/* End XCConfigurationList section */
	};
	rootObject = B7F8AE4A2FFE9B1B00BCB769 /* Project object */;
	validationLevel = 1;
}
